
Microsoft Visual Studio Solution File, Format Version 12.00
# Visual Studio 2013
VisualStudioVersion = 12.0.30723.0
MinimumVisualStudioVersion = 10.0.40219.1
Project("{FAE04EC0-301F-11D3-BF4B-00C04F79EFBC}") = "LocalDb", "LocalDb\LocalDb.csproj", "{F45C61D7-0621-4C01-B00D-9086A8E5E64C}"
EndProject
Project("{FAE04EC0-301F-11D3-BF4B-00C04F79EFBC}") = "LocalDb.Data", "LocalDb.Data\LocalDb.Data.csproj", "{3C6C49FF-D463-4843-99F9-9BBC68790C6D}"
EndProject
Project("{FAE04EC0-301F-11D3-BF4B-00C04F79EFBC}") = "Commands", "Commands\Commands.csproj", "{5F55D269-29AD-4A0A-A55B-0AC15FB967A8}"
EndProject
Project("{2150E333-8FDC-42A3-9474-1A3956D46DE8}") = "Certificate", "Certificate", "{8C334F44-819F-46F9-98BC-095A639E5281}"
	ProjectSection(SolutionItems) = preProject
		Certificate\LocalDb_TemporaryKey.pfx = Certificate\LocalDb_TemporaryKey.pfx
	EndProjectSection
EndProject
Global
	GlobalSection(SolutionConfigurationPlatforms) = preSolution
		Debug|Any CPU = Debug|Any CPU
		Release|Any CPU = Release|Any CPU
	EndGlobalSection
	GlobalSection(ProjectConfigurationPlatforms) = postSolution
		{F45C61D7-0621-4C01-B00D-9086A8E5E64C}.Debug|Any CPU.ActiveCfg = Debug|Any CPU
		{F45C61D7-0621-4C01-B00D-9086A8E5E64C}.Debug|Any CPU.Build.0 = Debug|Any CPU
		{F45C61D7-0621-4C01-B00D-9086A8E5E64C}.Release|Any CPU.ActiveCfg = Release|Any CPU
		{F45C61D7-0621-4C01-B00D-9086A8E5E64C}.Release|Any CPU.Build.0 = Release|Any CPU
		{3C6C49FF-D463-4843-99F9-9BBC68790C6D}.Debug|Any CPU.ActiveCfg = Debug|Any CPU
		{3C6C49FF-D463-4843-99F9-9BBC68790C6D}.Debug|Any CPU.Build.0 = Debug|Any CPU
		{3C6C49FF-D463-4843-99F9-9BBC68790C6D}.Release|Any CPU.ActiveCfg = Release|Any CPU
		{3C6C49FF-D463-4843-99F9-9BBC68790C6D}.Release|Any CPU.Build.0 = Release|Any CPU
		{5F55D269-29AD-4A0A-A55B-0AC15FB967A8}.Debug|Any CPU.ActiveCfg = Debug|Any CPU
		{5F55D269-29AD-4A0A-A55B-0AC15FB967A8}.Debug|Any CPU.Build.0 = Debug|Any CPU
		{5F55D269-29AD-4A0A-A55B-0AC15FB967A8}.Release|Any CPU.ActiveCfg = Release|Any CPU
		{5F55D269-29AD-4A0A-A55B-0AC15FB967A8}.Release|Any CPU.Build.0 = Release|Any CPU
	EndGlobalSection
	GlobalSection(SolutionProperties) = preSolution
		HideSolutionNode = FALSE
	EndGlobalSection
EndGlobal
